github.com/rwxrob/bonzai v0.16.0 h1:ORZZHCX15U7vpVOK3yIiht9/8k7eRFY2o0xhFmuwwmg=
github.com/rwxrob/bonzai v0.16.0/go.mod h1:K+O4f4s9P8vDufcT7gb0sWi/fc24gI3D+TeTbVF1oAM=
github.com/rwxrob/compcmd v0.3.0 h1:AlJNItb7+Yk17qmH5E7TJFyBXhna/rS3NeQAgjqbFls=
github.com/rwxrob/compcmd v0.3.0/go.mod h1:XOHl6bS2Uen6Wx2mxtbtUhT8Sbz1IhnaE55xPkhTBD4=
github.com/rwxrob/fn v0.3.3 h1:ymRQGWDhrrvoHKXLJ4WZlgI2qrC7gMOotowQMGvwmVQ=
github.com/rwxrob/fn v0.3.3/go.mod h1:omPqOqEB+dDna09z5pi5YFxq4IZqDvv3wFPUCES5LvY=
github.com/rwxrob/fs v0.8.0 h1:7x/rt9rYf2PW0cIMv5hsVWHodNispDitGR7biSvfRfc=
github.com/rwxrob/fs v0.8.0/go.mod h1:vO8AeluD7rnrO7zC54745xTEBFgHPUpHL0hbp1NnsVo=
github.com/rwxrob/help v0.5.2 h1:fQB2yVbH/6qnh28jNPjZD6E9JIv9oayK5jz62UjXeWo=
github.com/rwxrob/help v0.5.2/go.mod h1:bkcuxsT+UfE8agM8A5FBtEam5Wxc/mhZr8N9KafwzNg=
github.com/rwxrob/scan v0.11.0 h1:VCl8/mxpLDvYl6g4BgCBoz4Lq00Yri6OkuEMIrwAnVw=
github.com/rwxrob/scan v0.11.0/go.mod h1:sDIllL5+Ppk33AHkhhdrkPLP0EheWQPoNotKMhUfCIg=
github.com/rwxrob/structs v0.6.0 h1:t8JVd/Pee1OGaXgT6QYmGed470C9vOw6scdH8Cr5LPg=
github.com/rwxrob/structs v0.6.0/go.mod h1:txMfzPfEiIDNM5bwhzUqxr/1QQ3ekOuj3KLT8Nt1fA0=
github.com/rwxrob/term v0.2.8 h1:N9spr+owF8mRizSqPiATu5F0v2VJUIKwRldsibAUys8=
github.com/rwxrob/term v0.2.8/go.mod h1:UruWGJ5mrQH5v1XBg52s7ldZUBXxEODevbkoFUM4SrQ=
github.com/rwxrob/to v0.8.0 h1:SUhUppTxrRZQpPP5twHxuyj08ENZkM0PD8RL5DkCYWY=
github.com/rwxrob/to v0.8.0/go.mod h1:5z3Y1tyXRmPfa+be5hvnxYuLQ0NSBQsE6mIBVTqlYTA=
golang.org/x/crypto v0.1.0 h1:MDRAIl0xIo9Io2xV565hzXHw3zVseKrJKodhohM5CjU=
golang.org/x/crypto v0.1.0/go.mod h1:RecgLatLF4+eUMCP1PoPZQb+cVrJcOPbHkTkbkB9sbw=
golang.org/x/sys v0.1.0 h1:kunALQeHf1/185U1i0GOB/fy1IPRDDpuoOOqRReG57U=
golang.org/x/sys v0.1.0/go.mod h1:oPkhp1MJrh7nUepCBck5+mAzfO9JrbApNNgaTdGDITg=
golang.org/x/term v0.1.0 h1:g6Z6vPFA9dYBAF7DWcH6sCcOntplXsDKcliusYijMlw=
golang.org/x/term v0.1.0/go.mod h1:jbD1KX2456YbFQfuXm/mYQcufACuNUgVhRMnK/tPxf8=
